# This file is automatically generated by uv. Do not edit.

[from]
python = "3.10.0"
platform = ["macos", "linux"]

[packages]
anyio = { version = "4.9.0", registry = "pypi" }
certifi = { version = "2025.4.26", registry = "pypi" }
charset-normalizer = { version = "3.4.2", registry = "pypi" }
feedgen = { version = "1.0.0", registry = "pypi" }
greenlet = { version = "3.2.2", registry = "pypi" }
h11 = { version = "0.16.0", registry = "pypi" }
httpcore = { version = "1.0.9", registry = "pypi" }
httpx = { version = "0.28.1", registry = "pypi" }
idna = { version = "3.10", registry = "pypi" }
lxml = { version = "5.4.0", registry = "pypi" }
playwright = { version = "1.52.0", registry = "pypi" }
pyee = { version = "13.0.0", registry = "pypi" }
python-dateutil = { version = "2.9.0.post0", registry = "pypi" }
requests = { version = "2.32.3", registry = "pypi" }
six = { version = "1.17.0", registry = "pypi" }
sniffio = { version = "1.3.1", registry = "pypi" }
tiktokaapi = { version = "7.1.0", registry = "pypi" }
typing-extensions = { version = "4.13.2", registry = "pypi" }
urllib3 = { version = "2.4.0", registry = "pypi" }

[package-types]
anyio = { source = "pypi", package = "wheel" }
certifi = { source = "pypi", package = "wheel" }
charset-normalizer = { source = "pypi", package = "wheel" }
feedgen = { source = "pypi", package = "wheel" }
greenlet = { source = "pypi", package = "wheel" }
h11 = { source = "pypi", package = "wheel" }
httpcore = { source = "pypi", package = "wheel" }
httpx = { source = "pypi", package = "wheel" }
idna = { source = "pypi", package = "wheel" }
lxml = { source = "pypi", package = "wheel" }
playwright = { source = "pypi", package = "wheel" }
pyee = { source = "pypi", package = "wheel" }
python-dateutil = { source = "pypi", package = "wheel" }
requests = { source = "pypi", package = "wheel" }
six = { source = "pypi", package = "wheel" }
sniffio = { source = "pypi", package = "wheel" }
tiktokaapi = { source = "pypi", package = "wheel" }
typing-extensions = { source = "pypi", package = "wheel" }
urllib3 = { source = "pypi", package = "wheel" }